Microsoft Visual Studio Solution File, Format Version 11.00
# Visual Studio 2008

Project("{EED8D85B-888A-6C01-5834-240885EE6333}") = "Json", "Assembly-CSharp.csproj", "{BC0B6943-24F0-3DC3-E0D7-A1EB680A091F}"
EndProject
Project("{EED8D85B-888A-6C01-5834-240885EE6333}") = "Json", "Assembly-CSharp-Editor.csproj", "{9817EEC3-7605-34EF-7292-FDC9101747C2}"
EndProject
Global
	GlobalSection(SolutionConfigurationPlatforms) = preSolution
		Debug|Any CPU = Debug|Any CPU
		Release|Any CPU = Release|Any CPU
	EndGlobalSection
	GlobalSection(ProjectConfigurationPlatforms) = postSolution
		{BC0B6943-24F0-3DC3-E0D7-A1EB680A091F}.Debug|Any CPU.ActiveCfg = Debug|Any CPU
		{BC0B6943-24F0-3DC3-E0D7-A1EB680A091F}.Debug|Any CPU.Build.0 = Debug|Any CPU
		{BC0B6943-24F0-3DC3-E0D7-A1EB680A091F}.Release|Any CPU.ActiveCfg = Release|Any CPU
		{BC0B6943-24F0-3DC3-E0D7-A1EB680A091F}.Release|Any CPU.Build.0 = Release|Any CPU
		{9817EEC3-7605-34EF-7292-FDC9101747C2}.Debug|Any CPU.ActiveCfg = Debug|Any CPU
		{9817EEC3-7605-34EF-7292-FDC9101747C2}.Debug|Any CPU.Build.0 = Debug|Any CPU
		{9817EEC3-7605-34EF-7292-FDC9101747C2}.Release|Any CPU.ActiveCfg = Release|Any CPU
		{9817EEC3-7605-34EF-7292-FDC9101747C2}.Release|Any CPU.Build.0 = Release|Any CPU
	EndGlobalSection
	GlobalSection(SolutionProperties) = preSolution
		HideSolutionNode = FALSE
	EndGlobalSection
	GlobalSection(MonoDevelopProperties) = preSolution
		StartupItem = Assembly-CSharp.csproj
	EndGlobalSection
EndGlobal
